// !$*UTF8*$!
{
	archiveVersion = 1;
	classes = {
	};
	objectVersion = 46;
	objects = {

/* Begin PBXBuildFile section */
		380679DD1A24C955004A58CA /* main.m in Sources */ = {isa = PBXBuildFile; fileRef = 380679DC1A24C955004A58CA /* main.m */; };
		380679E01A24C955004A58CA /* AppDelegate.m in Sources */ = {isa = PBXBuildFile; fileRef = 380679DF1A24C955004A58CA /* AppDelegate.m */; };
		380679E31A24C955004A58CA /* ViewController.m in Sources */ = {isa = PBXBuildFile; fileRef = 380679E21A24C955004A58CA /* ViewController.m */; };
		380679E61A24C955004A58CA /* Main.storyboard in Resources */ = {isa = PBXBuildFile; fileRef = 380679E41A24C955004A58CA /* Main.storyboard */; };
		380679E81A24C955004A58CA /* Images.xcassets in Resources */ = {isa = PBXBuildFile; fileRef = 380679E71A24C955004A58CA /* Images.xcassets */; };
		380679EB1A24C955004A58CA /* LaunchScreen.xib in Resources */ = {isa = PBXBuildFile; fileRef = 380679E91A24C955004A58CA /* LaunchScreen.xib */; };
		380679F71A24C955004A58CA /* intersol_testTests.m in Sources */ = {isa = PBXBuildFile; fileRef = 380679F61A24C955004A58CA /* intersol_testTests.m */; };
		3815D1751A24CB0F000A9D32 /* YandexTranslateAPIClient.m in Sources */ = {isa = PBXBuildFile; fileRef = 3815D1741A24CB0F000A9D32 /* YandexTranslateAPIClient.m */; };
		384B88381A2896D30045139F /* RandomWordAPIClient.m in Sources */ = {isa = PBXBuildFile; fileRef = 384B88371A2896D30045139F /* RandomWordAPIClient.m */; };
		385D7F6C1A2BAA3F00451FBC /* GameModel.m in Sources */ = {isa = PBXBuildFile; fileRef = 385D7F6B1A2BAA3F00451FBC /* GameModel.m */; };
		385D7F6F1A2BB02300451FBC /* GameStepModel.m in Sources */ = {isa = PBXBuildFile; fileRef = 385D7F6E1A2BB02300451FBC /* GameStepModel.m */; };
		385D7F711A2BE27300451FBC /* GameKit.framework in Frameworks */ = {isa = PBXBuildFile; fileRef = 385D7F701A2BE27300451FBC /* GameKit.framework */; };
		B1FCD750D4932DB0C20547B1 /* libPods-intersol-test.a in Frameworks */ = {isa = PBXBuildFile; fileRef = 10289D7D19352C16BCA151B0 /* libPods-intersol-test.a */; };
/* End PBXBuildFile section */

/* Begin PBXContainerItemProxy section */
		380679F11A24C955004A58CA /* PBXContainerItemProxy */ = {
			isa = PBXContainerItemProxy;
			containerPortal = 380679CF1A24C955004A58CA /* Project object */;
			proxyType = 1;
			remoteGlobalIDString = 380679D61A24C955004A58CA;
			remoteInfo = "intersol-test";
		};
/* End PBXContainerItemProxy section */

/* Begin PBXFileReference section */
		10289D7D19352C16BCA151B0 /* libPods-intersol-test.a */ = {isa = PBXFileReference; explicitFileType = archive.ar; includeInIndex = 0; path = "libPods-intersol-test.a"; sourceTree = BUILT_PRODUCTS_DIR; };
		290DE5D33D1B9A766E964938 /* Pods-intersol-test.debug.xcconfig */ = {isa = PBXFileReference; includeInIndex = 1; lastKnownFileType = text.xcconfig; name = "Pods-intersol-test.debug.xcconfig"; path = "Pods/Target Support Files/Pods-intersol-test/Pods-intersol-test.debug.xcconfig"; sourceTree = "<group>"; };
		380679D71A24C955004A58CA /* intersol-test.app */ = {isa = PBXFileReference; explicitFileType = wrapper.application; includeInIndex = 0; path = "intersol-test.app"; sourceTree = BUILT_PRODUCTS_DIR; };
		380679DB1A24C955004A58CA /* Info.plist */ = {isa = PBXFileReference; lastKnownFileType = text.plist.xml; path = Info.plist; sourceTree = "<group>"; };
		380679DC1A24C955004A58CA /* main.m */ = {isa = PBXFileReference; lastKnownFileType = sourcecode.c.objc; path = main.m; sourceTree = "<group>"; };
		380679DE1A24C955004A58CA /* AppDelegate.h */ = {isa = PBXFileReference; lastKnownFileType = sourcecode.c.h; path = AppDelegate.h; sourceTree = "<group>"; };
		380679DF1A24C955004A58CA /* AppDelegate.m */ = {isa = PBXFileReference; lastKnownFileType = sourcecode.c.objc; path = AppDelegate.m; sourceTree = "<group>"; };
		380679E11A24C955004A58CA /* ViewController.h */ = {isa = PBXFileReference; lastKnownFileType = sourcecode.c.h; path = ViewController.h; sourceTree = "<group>"; };
		380679E21A24C955004A58CA /* ViewController.m */ = {isa = PBXFileReference; lastKnownFileType = sourcecode.c.objc; path = ViewController.m; sourceTree = "<group>"; };
		380679E51A24C955004A58CA /* Base */ = {isa = PBXFileReference; lastKnownFileType = file.storyboard; name = Base; path = Base.lproj/Main.storyboard; sourceTree = "<group>"; };
		380679E71A24C955004A58CA /* Images.xcassets */ = {isa = PBXFileReference; lastKnownFileType = folder.assetcatalog; path = Images.xcassets; sourceTree = "<group>"; };
		380679EA1A24C955004A58CA /* Base */ = {isa = PBXFileReference; lastKnownFileType = file.xib; name = Base; path = Base.lproj/LaunchScreen.xib; sourceTree = "<group>"; };
		380679F01A24C955004A58CA /* intersol-testTests.xctest */ = {isa = PBXFileReference; explicitFileType = wrapper.cfbundle; includeInIndex = 0; path = "intersol-testTests.xctest"; sourceTree = BUILT_PRODUCTS_DIR; };
		380679F51A24C955004A58CA /* Info.plist */ = {isa = PBXFileReference; lastKnownFileType = text.plist.xml; path = Info.plist; sourceTree = "<group>"; };
		380679F61A24C955004A58CA /* intersol_testTests.m */ = {isa = PBXFileReference; lastKnownFileType = sourcecode.c.objc; path = intersol_testTests.m; sourceTree = "<group>"; };
		3815D1731A24CB0F000A9D32 /* YandexTranslateAPIClient.h */ = {isa = PBXFileReference; fileEncoding = 4; lastKnownFileType = sourcecode.c.h; path = YandexTranslateAPIClient.h; sourceTree = "<group>"; };
		3815D1741A24CB0F000A9D32 /* YandexTranslateAPIClient.m */ = {isa = PBXFileReference; fileEncoding = 4; lastKnownFileType = sourcecode.c.objc; path = YandexTranslateAPIClient.m; sourceTree = "<group>"; };
		384B88361A2896D30045139F /* RandomWordAPIClient.h */ = {isa = PBXFileReference; fileEncoding = 4; lastKnownFileType = sourcecode.c.h; path = RandomWordAPIClient.h; sourceTree = "<group>"; };
		384B88371A2896D30045139F /* RandomWordAPIClient.m */ = {isa = PBXFileReference; fileEncoding = 4; lastKnownFileType = sourcecode.c.objc; path = RandomWordAPIClient.m; sourceTree = "<group>"; };
		385D7F6A1A2BAA3F00451FBC /* GameModel.h */ = {isa = PBXFileReference; fileEncoding = 4; lastKnownFileType = sourcecode.c.h; path = GameModel.h; sourceTree = "<group>"; };
		385D7F6B1A2BAA3F00451FBC /* GameModel.m */ = {isa = PBXFileReference; fileEncoding = 4; lastKnownFileType = sourcecode.c.objc; path = GameModel.m; sourceTree = "<group>"; };
		385D7F6D1A2BB02300451FBC /* GameStepModel.h */ = {isa = PBXFileReference; fileEncoding = 4; lastKnownFileType = sourcecode.c.h; path = GameStepModel.h; sourceTree = "<group>"; };
		385D7F6E1A2BB02300451FBC /* GameStepModel.m */ = {isa = PBXFileReference; fileEncoding = 4; lastKnownFileType = sourcecode.c.objc; path = GameStepModel.m; sourceTree = "<group>"; };
		385D7F701A2BE27300451FBC /* GameKit.framework */ = {isa = PBXFileReference; lastKnownFileType = wrapper.framework; name = GameKit.framework; path = System/Library/Frameworks/GameKit.framework; sourceTree = SDKROOT; };
		8C30A2936CB4E8CF017287DF /* Pods-intersol-test.release.xcconfig */ = {isa = PBXFileReference; includeInIndex = 1; lastKnownFileType = text.xcconfig; name = "Pods-intersol-test.release.xcconfig"; path = "Pods/Target Support Files/Pods-intersol-test/Pods-intersol-test.release.xcconfig"; sourceTree = "<group>"; };
/* End PBXFileReference section */

/* Begin PBXFrameworksBuildPhase section */
		380679D41A24C955004A58CA /* Frameworks */ = {
			isa = PBXFrameworksBuildPhase;
			buildActionMask = 2147483647;
			files = (
				B1FCD750D4932DB0C20547B1 /* libPods-intersol-test.a in Frameworks */,
				385D7F711A2BE27300451FBC /* GameKit.framework in Frameworks */,
			);
			runOnlyForDeploymentPostprocessing = 0;
		};
		380679ED1A24C955004A58CA /* Frameworks */ = {
			isa = PBXFrameworksBuildPhase;
			buildActionMask = 2147483647;
			files = (
			);
			runOnlyForDeploymentPostprocessing = 0;
		};
/* End PBXFrameworksBuildPhase section */

/* Begin PBXGroup section */
		380679CE1A24C955004A58CA = {
			isa = PBXGroup;
			children = (
				380679D91A24C955004A58CA /* intersol-test */,
				380679F31A24C955004A58CA /* intersol-testTests */,
				380679D81A24C955004A58CA /* Products */,
				45406D69BB25685A204F4241 /* Pods */,
				3EBBA0F5A76E9620A4882D2E /* Frameworks */,
			);
			sourceTree = "<group>";
		};
		380679D81A24C955004A58CA /* Products */ = {
			isa = PBXGroup;
			children = (
				380679D71A24C955004A58CA /* intersol-test.app */,
				380679F01A24C955004A58CA /* intersol-testTests.xctest */,
			);
			name = Products;
			sourceTree = "<group>";
		};
		380679D91A24C955004A58CA /* intersol-test */ = {
			isa = PBXGroup;
			children = (
				380679DE1A24C955004A58CA /* AppDelegate.h */,
				380679DF1A24C955004A58CA /* AppDelegate.m */,
				380679E11A24C955004A58CA /* ViewController.h */,
				380679E21A24C955004A58CA /* ViewController.m */,
				380679E41A24C955004A58CA /* Main.storyboard */,
				380679E71A24C955004A58CA /* Images.xcassets */,
				380679E91A24C955004A58CA /* LaunchScreen.xib */,
				380679DA1A24C955004A58CA /* Supporting Files */,
				3815D1731A24CB0F000A9D32 /* YandexTranslateAPIClient.h */,
				3815D1741A24CB0F000A9D32 /* YandexTranslateAPIClient.m */,
				384B88361A2896D30045139F /* RandomWordAPIClient.h */,
				384B88371A2896D30045139F /* RandomWordAPIClient.m */,
				385D7F6A1A2BAA3F00451FBC /* GameModel.h */,
				385D7F6B1A2BAA3F00451FBC /* GameModel.m */,
				385D7F6D1A2BB02300451FBC /* GameStepModel.h */,
				385D7F6E1A2BB02300451FBC /* GameStepModel.m */,
			);
			path = "intersol-test";
			sourceTree = "<group>";
		};
		380679DA1A24C955004A58CA /* Supporting Files */ = {
			isa = PBXGroup;
			children = (
				380679DB1A24C955004A58CA /* Info.plist */,
				380679DC1A24C955004A58CA /* main.m */,
			);
			name = "Supporting Files";
			sourceTree = "<group>";
		};
		380679F31A24C955004A58CA /* intersol-testTests */ = {
			isa = PBXGroup;
			children = (
				380679F61A24C955004A58CA /* intersol_testTests.m */,
				380679F41A24C955004A58CA /* Supporting Files */,
			);
			path = "intersol-testTests";
			sourceTree = "<group>";
		};
		380679F41A24C955004A58CA /* Supporting Files */ = {
			isa = PBXGroup;
			children = (
				380679F51A24C955004A58CA /* Info.plist */,
			);
			name = "Supporting Files";
			sourceTree = "<group>";
		};
		3EBBA0F5A76E9620A4882D2E /* Frameworks */ = {
			isa = PBXGroup;
			children = (
				385D7F701A2BE27300451FBC /* GameKit.framework */,
				10289D7D19352C16BCA151B0 /* libPods-intersol-test.a */,
			);
			name = Frameworks;
			sourceTree = "<group>";
		};
		45406D69BB25685A204F4241 /* Pods */ = {
			isa = PBXGroup;
			children = (
				290DE5D33D1B9A766E964938 /* Pods-intersol-test.debug.xcconfig */,
				8C30A2936CB4E8CF017287DF /* Pods-intersol-test.release.xcconfig */,
			);
			name = Pods;
			sourceTree = "<group>";
		};
/* End PBXGroup section */

/* Begin PBXNativeTarget section */
		380679D61A24C955004A58CA /* intersol-test */ = {
			isa = PBXNativeTarget;
			buildConfigurationList = 380679FA1A24C955004A58CA /* Build configuration list for PBXNativeTarget "intersol-test" */;
			buildPhases = (
				974D79093E8444B74DBA04A8 /* Check Pods Manifest.lock */,
				380679D31A24C955004A58CA /* Sources */,
				380679D41A24C955004A58CA /* Frameworks */,
				380679D51A24C955004A58CA /* Resources */,
				0CE43041AB461689188630F4 /* Copy Pods Resources */,
			);
			buildRules = (
			);
			dependencies = (
			);
			name = "intersol-test";
			productName = "intersol-test";
			productReference = 380679D71A24C955004A58CA /* intersol-test.app */;
			productType = "com.apple.product-type.application";
		};
		380679EF1A24C955004A58CA /* intersol-testTests */ = {
			isa = PBXNativeTarget;
			buildConfigurationList = 380679FD1A24C955004A58CA /* Build configuration list for PBXNativeTarget "intersol-testTests" */;
			buildPhases = (
				380679EC1A24C955004A58CA /* Sources */,
				380679ED1A24C955004A58CA /* Frameworks */,
				380679EE1A24C955004A58CA /* Resources */,
			);
			buildRules = (
			);
			dependencies = (
				380679F21A24C955004A58CA /* PBXTargetDependency */,
			);
			name = "intersol-testTests";
			productName = "intersol-testTests";
			productReference = 380679F01A24C955004A58CA /* intersol-testTests.xctest */;
			productType = "com.apple.product-type.bundle.unit-test";
		};
/* End PBXNativeTarget section */

/* Begin PBXProject section */
		380679CF1A24C955004A58CA /* Project object */ = {
			isa = PBXProject;
			attributes = {
				LastUpgradeCheck = 0610;
				ORGANIZATIONNAME = "Sergey Buravtsov";
				TargetAttributes = {
					380679D61A24C955004A58CA = {
						CreatedOnToolsVersion = 6.1;
						DevelopmentTeam = 7YZZ6DL86D;
						SystemCapabilities = {
							com.apple.GameCenter = {
								enabled = 1;
							};
						};
					};
					380679EF1A24C955004A58CA = {
						CreatedOnToolsVersion = 6.1;
						TestTargetID = 380679D61A24C955004A58CA;
					};
				};
			};
			buildConfigurationList = 380679D21A24C955004A58CA /* Build configuration list for PBXProject "intersol-test" */;
			compatibilityVersion = "Xcode 3.2";
			developmentRegion = English;
			hasScannedForEncodings = 0;
			knownRegions = (
				en,
				Base,
			);
			mainGroup = 380679CE1A24C955004A58CA;
			productRefGroup = 380679D81A24C955004A58CA /* Products */;
			projectDirPath = "";
			projectRoot = "";
			targets = (
				380679D61A24C955004A58CA /* intersol-test */,
				380679EF1A24C955004A58CA /* intersol-testTests */,
			);
		};
/* End PBXProject section */

/* Begin PBXResourcesBuildPhase section */
		380679D51A24C955004A58CA /* Resources */ = {
			isa = PBXResourcesBuildPhase;
			buildActionMask = 2147483647;
			files = (
				380679E61A24C955004A58CA /* Main.storyboard in Resources */,
				380679EB1A24C955004A58CA /* LaunchScreen.xib in Resources */,
				380679E81A24C955004A58CA /* Images.xcassets in Resources */,
			);
			runOnlyForDeploymentPostprocessing = 0;
		};
		380679EE1A24C955004A58CA /* Resources */ = {
			isa = PBXResourcesBuildPhase;
			buildActionMask = 2147483647;
			files = (
			);
			runOnlyForDeploymentPostprocessing = 0;
		};
/* End PBXResourcesBuildPhase section */

/* Begin PBXShellScriptBuildPhase section */
		0CE43041AB461689188630F4 /* Copy Pods Resources */ = {
			isa = PBXShellScriptBuildPhase;
			buildActionMask = 2147483647;
			files = (
			);
			inputPaths = (
			);
			name = "Copy Pods Resources";
			outputPaths = (
			);
			runOnlyForDeploymentPostprocessing = 0;
			shellPath = /bin/sh;
			shellScript = "\"${SRCROOT}/Pods/Target Support Files/Pods-intersol-test/Pods-intersol-test-resources.sh\"\n";
			showEnvVarsInLog = 0;
		};
		974D79093E8444B74DBA04A8 /* Check Pods Manifest.lock */ = {
			isa = PBXShellScriptBuildPhase;
			buildActionMask = 2147483647;
			files = (
			);
			inputPaths = (
			);
			name = "Check Pods Manifest.lock";
			outputPaths = (
			);
			runOnlyForDeploymentPostprocessing = 0;
			shellPath = /bin/sh;
			shellScript = "diff \"${PODS_ROOT}/../Podfile.lock\" \"${PODS_ROOT}/Manifest.lock\" > /dev/null\nif [[ $? != 0 ]] ; then\n    cat << EOM\nerror: The sandbox is not in sync with the Podfile.lock. Run 'pod install' or update your CocoaPods installation.\nEOM\n    exit 1\nfi\n";
			showEnvVarsInLog = 0;
		};
/* End PBXShellScriptBuildPhase section */

/* Begin PBXSourcesBuildPhase section */
		380679D31A24C955004A58CA /* Sources */ = {
			isa = PBXSourcesBuildPhase;
			buildActionMask = 2147483647;
			files = (
				385D7F6F1A2BB02300451FBC /* GameStepModel.m in Sources */,
				380679E31A24C955004A58CA /* ViewController.m in Sources */,
				385D7F6C1A2BAA3F00451FBC /* GameModel.m in Sources */,
				3815D1751A24CB0F000A9D32 /* YandexTranslateAPIClient.m in Sources */,
				380679E01A24C955004A58CA /* AppDelegate.m in Sources */,
				380679DD1A24C955004A58CA /* main.m in Sources */,
				384B88381A2896D30045139F /* RandomWordAPIClient.m in Sources */,
			);
			runOnlyForDeploymentPostprocessing = 0;
		};
		380679EC1A24C955004A58CA /* Sources */ = {
			isa = PBXSourcesBuildPhase;
			buildActionMask = 2147483647;
			files = (
				380679F71A24C955004A58CA /* intersol_testTests.m in Sources */,
			);
			runOnlyForDeploymentPostprocessing = 0;
		};
/* End PBXSourcesBuildPhase section */

/* Begin PBXTargetDependency section */
		380679F21A24C955004A58CA /* PBXTargetDependency */ = {
			isa = PBXTargetDependency;
			target = 380679D61A24C955004A58CA /* intersol-test */;
			targetProxy = 380679F11A24C955004A58CA /* PBXContainerItemProxy */;
		};
/* End PBXTargetDependency section */

/* Begin PBXVariantGroup section */
		380679E41A24C955004A58CA /* Main.storyboard */ = {
			isa = PBXVariantGroup;
			children = (
				380679E51A24C955004A58CA /* Base */,
			);
			name = Main.storyboard;
			sourceTree = "<group>";
		};
		380679E91A24C955004A58CA /* LaunchScreen.xib */ = {
			isa = PBXVariantGroup;
			children = (
				380679EA1A24C955004A58CA /* Base */,
			);
			name = LaunchScreen.xib;
			sourceTree = "<group>";
		};
/* End PBXVariantGroup section */

/* Begin XCBuildConfiguration section */
		380679F81A24C955004A58CA /* Debug */ = {
			isa = XCBuildConfiguration;
			buildSettings = {
				ALWAYS_SEARCH_USER_PATHS = NO;
				CLANG_CXX_LANGUAGE_STANDARD = "gnu++0x";
				CLANG_CXX_LIBRARY = "libc++";
				CLANG_ENABLE_MODULES = YES;
				CLANG_ENABLE_OBJC_ARC = YES;
				CLANG_WARN_BOOL_CONVERSION = YES;
				CLANG_WARN_CONSTANT_CONVERSION = YES;
				CLANG_WARN_DIRECT_OBJC_ISA_USAGE = YES_ERROR;
				CLANG_WARN_EMPTY_BODY = YES;
				CLANG_WARN_ENUM_CONVERSION = YES;
				CLANG_WARN_INT_CONVERSION = YES;
				CLANG_WARN_OBJC_ROOT_CLASS = YES_ERROR;
				CLANG_WARN_UNREACHABLE_CODE = YES;
				CLANG_WARN__DUPLICATE_METHOD_MATCH = YES;
				"CODE_SIGN_IDENTITY[sdk=iphoneos*]" = "iPhone Developer";
				COPY_PHASE_STRIP = NO;
				ENABLE_STRICT_OBJC_MSGSEND = YES;
				GCC_C_LANGUAGE_STANDARD = gnu99;
				GCC_DYNAMIC_NO_PIC = NO;
				GCC_OPTIMIZATION_LEVEL = 0;
				GCC_PREPROCESSOR_DEFINITIONS = (
					"DEBUG=1",
					"$(inherited)",
				);
				GCC_SYMBOLS_PRIVATE_EXTERN = NO;
				GCC_WARN_64_TO_32_BIT_CONVERSION = YES;
				GCC_WARN_ABOUT_RETURN_TYPE = YES_ERROR;
				GCC_WARN_UNDECLARED_SELECTOR = YES;
				GCC_WARN_UNINITIALIZED_AUTOS = YES_AGGRESSIVE;
				GCC_WARN_UNUSED_FUNCTION = YES;
				GCC_WARN_UNUSED_VARIABLE = YES;
				IPHONEOS_DEPLOYMENT_TARGET = 8.1;
				MTL_ENABLE_DEBUG_INFO = YES;
				ONLY_ACTIVE_ARCH = YES;
				SDKROOT = iphoneos;
				TARGETED_DEVICE_FAMILY = "1,2";
			};
			name = Debug;
		};
		380679F91A24C955004A58CA /* Release */ = {
			isa = XCBuildConfiguration;
			buildSettings = {
				ALWAYS_SEARCH_USER_PATHS = NO;
				CLANG_CXX_LANGUAGE_STANDARD = "gnu++0x";
				CLANG_CXX_LIBRARY = "libc++";
				CLANG_ENABLE_MODULES = YES;
				CLANG_ENABLE_OBJC_ARC = YES;
				CLANG_WARN_BOOL_CONVERSION = YES;
				CLANG_WARN_CONSTANT_CONVERSION = YES;
				CLANG_WARN_DIRECT_OBJC_ISA_USAGE = YES_ERROR;
				CLANG_WARN_EMPTY_BODY = YES;
				CLANG_WARN_ENUM_CONVERSION = YES;
				CLANG_WARN_INT_CONVERSION = YES;
				CLANG_WARN_OBJC_ROOT_CLASS = YES_ERROR;
				CLANG_WARN_UNREACHABLE_CODE = YES;
				CLANG_WARN__DUPLICATE_METHOD_MATCH = YES;
				"CODE_SIGN_IDENTITY[sdk=iphoneos*]" = "iPhone Developer";
				COPY_PHASE_STRIP = YES;
				ENABLE_NS_ASSERTIONS = NO;
				ENABLE_STRICT_OBJC_MSGSEND = YES;
				GCC_C_LANGUAGE_STANDARD = gnu99;
				GCC_WARN_64_TO_32_BIT_CONVERSION = YES;
				GCC_WARN_ABOUT_RETURN_TYPE = YES_ERROR;
				GCC_WARN_UNDECLARED_SELECTOR = YES;
				GCC_WARN_UNINITIALIZED_AUTOS = YES_AGGRESSIVE;
				GCC_WARN_UNUSED_FUNCTION = YES;
				GCC_WARN_UNUSED_VARIABLE = YES;
				IPHONEOS_DEPLOYMENT_TARGET = 8.1;
				MTL_ENABLE_DEBUG_INFO = NO;
				SDKROOT = iphoneos;
				TARGETED_DEVICE_FAMILY = "1,2";
				VALIDATE_PRODUCT = YES;
			};
			name = Release;
		};
		380679FB1A24C955004A58CA /* Debug */ = {
			isa = XCBuildConfiguration;
			baseConfigurationReference = 290DE5D33D1B9A766E964938 /* Pods-intersol-test.debug.xcconfig */;
			buildSettings = {
				ASSETCATALOG_COMPILER_APPICON_NAME = AppIcon;
				CODE_SIGN_IDENTITY = "iPhone Developer";
				"CODE_SIGN_IDENTITY[sdk=iphoneos*]" = "iPhone Developer";
				INFOPLIST_FILE = "intersol-test/Info.plist";
				LD_RUNPATH_SEARCH_PATHS = "$(inherited) @executable_path/Frameworks";
				PRODUCT_NAME = "$(TARGET_NAME)";
				PROVISIONING_PROFILE = "";
			};
			name = Debug;
		};
		380679FC1A24C955004A58CA /* Release */ = {
			isa = XCBuildConfiguration;
			baseConfigurationReference = 8C30A2936CB4E8CF017287DF /* Pods-intersol-test.release.xcconfig */;
			buildSettings = {
				ASSETCATALOG_COMPILER_APPICON_NAME = AppIcon;
				CODE_SIGN_IDENTITY = "iPhone Developer";
				"CODE_SIGN_IDENTITY[sdk=iphoneos*]" = "iPhone Developer";
				INFOPLIST_FILE = "intersol-test/Info.plist";
				LD_RUNPATH_SEARCH_PATHS = "$(inherited) @executable_path/Frameworks";
				PRODUCT_NAME = "$(TARGET_NAME)";
				PROVISIONING_PROFILE = "";
			};
			name = Release;
		};
		380679FE1A24C955004A58CA /* Debug */ = {
			isa = XCBuildConfiguration;
			buildSettings = {
				BUNDLE_LOADER = "$(TEST_HOST)";
				FRAMEWORK_SEARCH_PATHS = (
					"$(SDKROOT)/Developer/Library/Frameworks",
					"$(inherited)",
				);
				GCC_PREPROCESSOR_DEFINITIONS = (
					"DEBUG=1",
					"$(inherited)",
				);
				INFOPLIST_FILE = "intersol-testTests/Info.plist";
				LD_RUNPATH_SEARCH_PATHS = "$(inherited) @executable_path/Frameworks @loader_path/Frameworks";
				PRODUCT_NAME = "$(TARGET_NAME)";
				TEST_HOST = "$(BUILT_PRODUCTS_DIR)/intersol-test.app/intersol-test";
			};
			name = Debug;
		};
		380679FF1A24C955004A58CA /* Release */ = {
			isa = XCBuildConfiguration;
			buildSettings = {
				BUNDLE_LOADER = "$(TEST_HOST)";
				FRAMEWORK_SEARCH_PATHS = (
					"$(SDKROOT)/Developer/Library/Frameworks",
					"$(inherited)",
				);
				INFOPLIST_FILE = "intersol-testTests/Info.plist";
				LD_RUNPATH_SEARCH_PATHS = "$(inherited) @executable_path/Frameworks @loader_path/Frameworks";
				PRODUCT_NAME = "$(TARGET_NAME)";
				TEST_HOST = "$(BUILT_PRODUCTS_DIR)/intersol-test.app/intersol-test";
			};
			name = Release;
		};
/* End XCBuildConfiguration section */

/* Begin XCConfigurationList section */
		380679D21A24C955004A58CA /* Build configuration list for PBXProject "intersol-test" */ = {
			isa = XCConfigurationList;
			buildConfigurations = (
				380679F81A24C955004A58CA /* Debug */,
				380679F91A24C955004A58CA /* Release */,
			);
			defaultConfigurationIsVisible = 0;
			defaultConfigurationName = Release;
		};
		380679FA1A24C955004A58CA /* Build configuration list for PBXNativeTarget "intersol-test" */ = {
			isa = XCConfigurationList;
			buildConfigurations = (
				380679FB1A24C955004A58CA /* Debug */,
				380679FC1A24C955004A58CA /* Release */,
			);
			defaultConfigurationIsVisible = 0;
			defaultConfigurationName = Release;
		};
		380679FD1A24C955004A58CA /* Build configuration list for PBXNativeTarget "intersol-testTests" */ = {
			isa = XCConfigurationList;
			buildConfigurations = (
				380679FE1A24C955004A58CA /* Debug */,
				380679FF1A24C955004A58CA /* Release */,
			);
			defaultConfigurationIsVisible = 0;
			defaultConfigurationName = Release;
		};
/* End XCConfigurationList section */
	};
	rootObject = 380679CF1A24C955004A58CA /* Project object */;
}
